
Microsoft Visual Studio Solution File, Format Version 12.00
# Visual Studio 2013
VisualStudioVersion = 12.0.21005.1
MinimumVisualStudioVersion = 10.0.40219.1
Project("{FAE04EC0-301F-11D3-BF4B-00C04F79EFBC}") = "RpgGamePcl", "RpgGamePcl\RpgGamePcl.csproj", "{4BEBA676-A3EA-48E4-B9C2-8F0F5CF71A70}"
EndProject
Project("{FAE04EC0-301F-11D3-BF4B-00C04F79EFBC}") = "TestApp", "TestApp\TestApp.csproj", "{0F3B9295-8C08-40A3-91FF-E295495CB742}"
EndProject
Global
	GlobalSection(SolutionConfigurationPlatforms) = preSolution
		Debug|Any CPU = Debug|Any CPU
		Release|Any CPU = Release|Any CPU
	EndGlobalSection
	GlobalSection(ProjectConfigurationPlatforms) = postSolution
		{4BEBA676-A3EA-48E4-B9C2-8F0F5CF71A70}.Debug|Any CPU.ActiveCfg = Debug|Any CPU
		{4BEBA676-A3EA-48E4-B9C2-8F0F5CF71A70}.Debug|Any CPU.Build.0 = Debug|Any CPU
		{4BEBA676-A3EA-48E4-B9C2-8F0F5CF71A70}.Release|Any CPU.ActiveCfg = Release|Any CPU
		{4BEBA676-A3EA-48E4-B9C2-8F0F5CF71A70}.Release|Any CPU.Build.0 = Release|Any CPU
		{0F3B9295-8C08-40A3-91FF-E295495CB742}.Debug|Any CPU.ActiveCfg = Debug|Any CPU
		{0F3B9295-8C08-40A3-91FF-E295495CB742}.Debug|Any CPU.Build.0 = Debug|Any CPU
		{0F3B9295-8C08-40A3-91FF-E295495CB742}.Release|Any CPU.ActiveCfg = Release|Any CPU
		{0F3B9295-8C08-40A3-91FF-E295495CB742}.Release|Any CPU.Build.0 = Release|Any CPU
	EndGlobalSection
	GlobalSection(SolutionProperties) = preSolution
		HideSolutionNode = FALSE
	EndGlobalSection
EndGlobal
